
Microsoft Visual Studio Solution File, Format Version 12.00
# Visual Studio Version 17
VisualStudioVersion = 17.5.33627.172
MinimumVisualStudioVersion = 10.0.40219.1
Project("{FAE04EC0-301F-11D3-BF4B-00C04F79EFBC}") = "CSEData.Worker", "CSEData.Worker\CSEData.Worker.csproj", "{6ADA18A0-D6B2-4E21-AB47-7E60E50239FB}"
EndProject
Project("{FAE04EC0-301F-11D3-BF4B-00C04F79EFBC}") = "CSEData.Domain", "CSEData.Domain\CSEData.Domain.csproj", "{D246F856-2572-4457-9A22-9D63FAD11B4C}"
EndProject
Project("{FAE04EC0-301F-11D3-BF4B-00C04F79EFBC}") = "CSEData.Application", "CSEData.Application\CSEData.Application.csproj", "{D42AC1CF-F43F-40EE-8A88-E4264AB0919F}"
EndProject
Project("{FAE04EC0-301F-11D3-BF4B-00C04F79EFBC}") = "CSEData.Persistence", "CSEData.Persistence\CSEData.Persistence.csproj", "{ADA498E9-0637-4EE8-94F4-33059FF5D2DE}"
EndProject
Project("{FAE04EC0-301F-11D3-BF4B-00C04F79EFBC}") = "CSEData.Infrastructure", "CSEData.Infrastructure\CSEData.Infrastructure.csproj", "{C232FE55-8371-4DC2-9574-D2E2B112737E}"
EndProject
Global
	GlobalSection(SolutionConfigurationPlatforms) = preSolution
		Debug|Any CPU = Debug|Any CPU
		Release|Any CPU = Release|Any CPU
	EndGlobalSection
	GlobalSection(ProjectConfigurationPlatforms) = postSolution
		{6ADA18A0-D6B2-4E21-AB47-7E60E50239FB}.Debug|Any CPU.ActiveCfg = Debug|Any CPU
		{6ADA18A0-D6B2-4E21-AB47-7E60E50239FB}.Debug|Any CPU.Build.0 = Debug|Any CPU
		{6ADA18A0-D6B2-4E21-AB47-7E60E50239FB}.Release|Any CPU.ActiveCfg = Release|Any CPU
		{6ADA18A0-D6B2-4E21-AB47-7E60E50239FB}.Release|Any CPU.Build.0 = Release|Any CPU
		{D246F856-2572-4457-9A22-9D63FAD11B4C}.Debug|Any CPU.ActiveCfg = Debug|Any CPU
		{D246F856-2572-4457-9A22-9D63FAD11B4C}.Debug|Any CPU.Build.0 = Debug|Any CPU
		{D246F856-2572-4457-9A22-9D63FAD11B4C}.Release|Any CPU.ActiveCfg = Release|Any CPU
		{D246F856-2572-4457-9A22-9D63FAD11B4C}.Release|Any CPU.Build.0 = Release|Any CPU
		{D42AC1CF-F43F-40EE-8A88-E4264AB0919F}.Debug|Any CPU.ActiveCfg = Debug|Any CPU
		{D42AC1CF-F43F-40EE-8A88-E4264AB0919F}.Debug|Any CPU.Build.0 = Debug|Any CPU
		{D42AC1CF-F43F-40EE-8A88-E4264AB0919F}.Release|Any CPU.ActiveCfg = Release|Any CPU
		{D42AC1CF-F43F-40EE-8A88-E4264AB0919F}.Release|Any CPU.Build.0 = Release|Any CPU
		{ADA498E9-0637-4EE8-94F4-33059FF5D2DE}.Debug|Any CPU.ActiveCfg = Debug|Any CPU
		{ADA498E9-0637-4EE8-94F4-33059FF5D2DE}.Debug|Any CPU.Build.0 = Debug|Any CPU
		{ADA498E9-0637-4EE8-94F4-33059FF5D2DE}.Release|Any CPU.ActiveCfg = Release|Any CPU
		{ADA498E9-0637-4EE8-94F4-33059FF5D2DE}.Release|Any CPU.Build.0 = Release|Any CPU
		{C232FE55-8371-4DC2-9574-D2E2B112737E}.Debug|Any CPU.ActiveCfg = Debug|Any CPU
		{C232FE55-8371-4DC2-9574-D2E2B112737E}.Debug|Any CPU.Build.0 = Debug|Any CPU
		{C232FE55-8371-4DC2-9574-D2E2B112737E}.Release|Any CPU.ActiveCfg = Release|Any CPU
		{C232FE55-8371-4DC2-9574-D2E2B112737E}.Release|Any CPU.Build.0 = Release|Any CPU
	EndGlobalSection
	GlobalSection(SolutionProperties) = preSolution
		HideSolutionNode = FALSE
	EndGlobalSection
	GlobalSection(ExtensibilityGlobals) = postSolution
		SolutionGuid = {77E39DF4-2BCA-481B-A567-23229B15DD8F}
	EndGlobalSection
EndGlobal
